
Microsoft Visual Studio Solution File, Format Version 12.00
# Visual Studio Version 17
VisualStudioVersion = 17.2.32519.379
MinimumVisualStudioVersion = 10.0.40219.1
Project("{FAE04EC0-301F-11D3-BF4B-00C04F79EFBC}") = "NET6_AppDeEmail_ProtocolosModernos", "NET6_AppDeEmail_ProtocolosModernos\NET6_AppDeEmail_ProtocolosModernos.csproj", "{383E629D-5779-4425-9A51-E8AE127699E2}"
EndProject
Global
	GlobalSection(SolutionConfigurationPlatforms) = preSolution
		Debug|Any CPU = Debug|Any CPU
		Release|Any CPU = Release|Any CPU
	EndGlobalSection
	GlobalSection(ProjectConfigurationPlatforms) = postSolution
		{383E629D-5779-4425-9A51-E8AE127699E2}.Debug|Any CPU.ActiveCfg = Debug|Any CPU
		{383E629D-5779-4425-9A51-E8AE127699E2}.Debug|Any CPU.Build.0 = Debug|Any CPU
		{383E629D-5779-4425-9A51-E8AE127699E2}.Release|Any CPU.ActiveCfg = Release|Any CPU
		{383E629D-5779-4425-9A51-E8AE127699E2}.Release|Any CPU.Build.0 = Release|Any CPU
	EndGlobalSection
	GlobalSection(SolutionProperties) = preSolution
		HideSolutionNode = FALSE
	EndGlobalSection
	GlobalSection(ExtensibilityGlobals) = postSolution
		SolutionGuid = {DA2B0F6E-16FC-4351-A3F0-3696265EAA61}
	EndGlobalSection
EndGlobal
